# This file is automatically @generated by Poetry 1.5.1 and should not be changed by hand.

[[package]]
name = "food"
version = "0.0.11"
description = "yum"
optional = false
python-versions = "*"
files = [
    {file = "food-0.0.11-py3-none-any.whl", hash = "sha256:1f9a72e23a476517088b7d82691cf887c673abbba0ddcc1f7bebaa9e05ddc3fc"},
    {file = "food-0.0.11.tar.gz", hash = "sha256:fdd42a2a5739b8b6ed4451d6da2d88bd8c33b118aef3470eeddea608f5c70471"},
]

[[package]]
name = "micropython-display"
version = "1.15"
description = "Micropython scripts for use displays."
optional = false
python-versions = "*"
files = [
    {file = "micropython-display-1.15.tar.gz", hash = "sha256:3232670660551be21a86a2b8eae89930daafc65f943c3544316fb979a1742544"},
]

[[package]]
name = "snake"
version = "0.2"
description = "Snake is yet another Make-like tool inspired by Rake."
optional = false
python-versions = "*"
files = [
    {file = "Snake-0.2.tar.gz", hash = "sha256:d922823ec140557e5b87dd0912cfddd65681df2753988caa3f224ebf4ebbeeac"},
]

[metadata]
lock-version = "2.0"
python-versions = ">=3.10.0,<3.11"
content-hash = "521be82ab48316d72d4fbeeb029a8fdee1e70579204157ad1f633960b104bb16"
